Microsoft Visual Studio Solution File, Format Version 11.00
# Visual Studio 2010
Project("{8BC9CEB8-8B4A-11D0-8D11-00A0C91BC942}") = "Winscore", "Winscore.vcxproj", "{1B369DE4-E14C-40D1-BDB7-DB5293FAB34E}"
EndProject
Project("{8BC9CEB8-8B4A-11D0-8D11-00A0C91BC942}") = "WSView", "..\wsview\WSView.vcxproj", "{0F5CE740-6734-439D-A42B-EE9BCE0B63C5}"
EndProject
Project("{8BC9CEB8-8B4A-11D0-8D11-00A0C91BC942}") = "Zip", "..\zip\Zip.vcxproj", "{0BA90F39-45AB-42FA-B717-CACE89A574EF}"
EndProject
Project("{54435603-DBB4-11D2-8724-00A0C9A8B90C}") = "Winscore_Installer", "..\Winscore_Installer\Winscore_Installer.vdproj", "{759FCF3E-ED25-4CA8-B3D3-0688E850CF2F}"
EndProject
Project("{8BC9CEB8-8B4A-11D0-8D11-00A0C91BC942}") = "Caitrans", "..\Caitrans\Caitrans.vcxproj", "{FDD6A033-2C6B-213C-F7B6-4D9190C388AF}"
EndProject
Global
	GlobalSection(SourceCodeControl) = preSolution
		SccNumberOfProjects = 5
		SccLocalPath0 = .
		CanCheckoutShared = false
		SccProjectUniqueName1 = Winscore.vcxproj
		SccProjectName1 = \u0022$/Winscore\u0022,\u0020BAAAAAAA
		SccLocalPath1 = .
		CanCheckoutShared = false
		SccProjectUniqueName2 = ..\\wsview\\WSView.vcxproj
		SccProjectName2 = \u0022$/WSView\u0022,\u0020MPAAAAAA
		SccLocalPath2 = ..\\wsview
		CanCheckoutShared = false
		SccProjectUniqueName3 = ..\\zip\\Zip.vcxproj
		SccProjectName3 = \u0022$/Zip\u0022,\u0020ACCAAAAA
		SccLocalPath3 = ..\\Zip
		CanCheckoutShared = false
		SccProjectUniqueName4 = ..\\Caitrans\\Caitrans.vcxproj
		SccProjectName4 = \u0022$/CAI/CAI\u0020Transfer\u0020DLL\u0022,\u0020LYAAAAAA
		SccLocalPath4 = ..\\Caitrans
		CanCheckoutShared = false
	EndGlobalSection
	GlobalSection(SolutionConfigurationPlatforms) = preSolution
		Debug|Win32 = Debug|Win32
		Release Min Dep|Win32 = Release Min Dep|Win32
		Release|Win32 = Release|Win32
		Static Release|Win32 = Static Release|Win32
		Template|Win32 = Template|Win32
		Unicode Debug|Win32 = Unicode Debug|Win32
		Unicode Release|Win32 = Unicode Release|Win32
	EndGlobalSection
	GlobalSection(ProjectConfigurationPlatforms) = postSolution
		{1B369DE4-E14C-40D1-BDB7-DB5293FAB34E}.Debug|Win32.ActiveCfg = Debug|Win32
		{1B369DE4-E14C-40D1-BDB7-DB5293FAB34E}.Debug|Win32.Build.0 = Debug|Win32
		{1B369DE4-E14C-40D1-BDB7-DB5293FAB34E}.Release Min Dep|Win32.ActiveCfg = Release|Win32
		{1B369DE4-E14C-40D1-BDB7-DB5293FAB34E}.Release Min Dep|Win32.Build.0 = Release|Win32
		{1B369DE4-E14C-40D1-BDB7-DB5293FAB34E}.Release|Win32.ActiveCfg = Release|Win32
		{1B369DE4-E14C-40D1-BDB7-DB5293FAB34E}.Release|Win32.Build.0 = Release|Win32
		{1B369DE4-E14C-40D1-BDB7-DB5293FAB34E}.Static Release|Win32.ActiveCfg = Release|Win32
		{1B369DE4-E14C-40D1-BDB7-DB5293FAB34E}.Static Release|Win32.Build.0 = Release|Win32
		{1B369DE4-E14C-40D1-BDB7-DB5293FAB34E}.Template|Win32.ActiveCfg = Template|Win32
		{1B369DE4-E14C-40D1-BDB7-DB5293FAB34E}.Template|Win32.Build.0 = Template|Win32
		{1B369DE4-E14C-40D1-BDB7-DB5293FAB34E}.Unicode Debug|Win32.ActiveCfg = Debug|Win32
		{1B369DE4-E14C-40D1-BDB7-DB5293FAB34E}.Unicode Debug|Win32.Build.0 = Debug|Win32
		{1B369DE4-E14C-40D1-BDB7-DB5293FAB34E}.Unicode Release|Win32.ActiveCfg = Release|Win32
		{1B369DE4-E14C-40D1-BDB7-DB5293FAB34E}.Unicode Release|Win32.Build.0 = Release|Win32
		{0F5CE740-6734-439D-A42B-EE9BCE0B63C5}.Debug|Win32.ActiveCfg = Debug|Win32
		{0F5CE740-6734-439D-A42B-EE9BCE0B63C5}.Debug|Win32.Build.0 = Debug|Win32
		{0F5CE740-6734-439D-A42B-EE9BCE0B63C5}.Release Min Dep|Win32.ActiveCfg = Release Min Dep|Win32
		{0F5CE740-6734-439D-A42B-EE9BCE0B63C5}.Release Min Dep|Win32.Build.0 = Release Min Dep|Win32
		{0F5CE740-6734-439D-A42B-EE9BCE0B63C5}.Release|Win32.ActiveCfg = Release|Win32
		{0F5CE740-6734-439D-A42B-EE9BCE0B63C5}.Release|Win32.Build.0 = Release|Win32
		{0F5CE740-6734-439D-A42B-EE9BCE0B63C5}.Static Release|Win32.ActiveCfg = Release|Win32
		{0F5CE740-6734-439D-A42B-EE9BCE0B63C5}.Static Release|Win32.Build.0 = Release|Win32
		{0F5CE740-6734-439D-A42B-EE9BCE0B63C5}.Template|Win32.ActiveCfg = Unicode Release|Win32
		{0F5CE740-6734-439D-A42B-EE9BCE0B63C5}.Template|Win32.Build.0 = Unicode Release|Win32
		{0F5CE740-6734-439D-A42B-EE9BCE0B63C5}.Unicode Debug|Win32.ActiveCfg = Unicode Debug|Win32
		{0F5CE740-6734-439D-A42B-EE9BCE0B63C5}.Unicode Debug|Win32.Build.0 = Unicode Debug|Win32
		{0F5CE740-6734-439D-A42B-EE9BCE0B63C5}.Unicode Release|Win32.ActiveCfg = Unicode Release|Win32
		{0F5CE740-6734-439D-A42B-EE9BCE0B63C5}.Unicode Release|Win32.Build.0 = Unicode Release|Win32
		{0BA90F39-45AB-42FA-B717-CACE89A574EF}.Debug|Win32.ActiveCfg = Debug|Win32
		{0BA90F39-45AB-42FA-B717-CACE89A574EF}.Debug|Win32.Build.0 = Debug|Win32
		{0BA90F39-45AB-42FA-B717-CACE89A574EF}.Release Min Dep|Win32.ActiveCfg = Release|Win32
		{0BA90F39-45AB-42FA-B717-CACE89A574EF}.Release Min Dep|Win32.Build.0 = Release|Win32
		{0BA90F39-45AB-42FA-B717-CACE89A574EF}.Release|Win32.ActiveCfg = Release|Win32
		{0BA90F39-45AB-42FA-B717-CACE89A574EF}.Release|Win32.Build.0 = Release|Win32
		{0BA90F39-45AB-42FA-B717-CACE89A574EF}.Static Release|Win32.ActiveCfg = Static Release|Win32
		{0BA90F39-45AB-42FA-B717-CACE89A574EF}.Static Release|Win32.Build.0 = Static Release|Win32
		{0BA90F39-45AB-42FA-B717-CACE89A574EF}.Template|Win32.ActiveCfg = Static Release|Win32
		{0BA90F39-45AB-42FA-B717-CACE89A574EF}.Template|Win32.Build.0 = Static Release|Win32
		{0BA90F39-45AB-42FA-B717-CACE89A574EF}.Unicode Debug|Win32.ActiveCfg = Debug|Win32
		{0BA90F39-45AB-42FA-B717-CACE89A574EF}.Unicode Debug|Win32.Build.0 = Debug|Win32
		{0BA90F39-45AB-42FA-B717-CACE89A574EF}.Unicode Release|Win32.ActiveCfg = Release|Win32
		{0BA90F39-45AB-42FA-B717-CACE89A574EF}.Unicode Release|Win32.Build.0 = Release|Win32
		{759FCF3E-ED25-4CA8-B3D3-0688E850CF2F}.Debug|Win32.ActiveCfg = Release
		{759FCF3E-ED25-4CA8-B3D3-0688E850CF2F}.Release Min Dep|Win32.ActiveCfg = Release
		{759FCF3E-ED25-4CA8-B3D3-0688E850CF2F}.Release|Win32.ActiveCfg = Release
		{759FCF3E-ED25-4CA8-B3D3-0688E850CF2F}.Static Release|Win32.ActiveCfg = Release
		{759FCF3E-ED25-4CA8-B3D3-0688E850CF2F}.Template|Win32.ActiveCfg = Release
		{759FCF3E-ED25-4CA8-B3D3-0688E850CF2F}.Unicode Debug|Win32.ActiveCfg = Debug
		{759FCF3E-ED25-4CA8-B3D3-0688E850CF2F}.Unicode Release|Win32.ActiveCfg = Release
		{FDD6A033-2C6B-213C-F7B6-4D9190C388AF}.Debug|Win32.ActiveCfg = Debug|Win32
		{FDD6A033-2C6B-213C-F7B6-4D9190C388AF}.Debug|Win32.Build.0 = Debug|Win32
		{FDD6A033-2C6B-213C-F7B6-4D9190C388AF}.Release Min Dep|Win32.ActiveCfg = Release|Win32
		{FDD6A033-2C6B-213C-F7B6-4D9190C388AF}.Release Min Dep|Win32.Build.0 = Release|Win32
		{FDD6A033-2C6B-213C-F7B6-4D9190C388AF}.Release|Win32.ActiveCfg = Release|Win32
		{FDD6A033-2C6B-213C-F7B6-4D9190C388AF}.Release|Win32.Build.0 = Release|Win32
		{FDD6A033-2C6B-213C-F7B6-4D9190C388AF}.Static Release|Win32.ActiveCfg = Release|Win32
		{FDD6A033-2C6B-213C-F7B6-4D9190C388AF}.Static Release|Win32.Build.0 = Release|Win32
		{FDD6A033-2C6B-213C-F7B6-4D9190C388AF}.Template|Win32.ActiveCfg = Release|Win32
		{FDD6A033-2C6B-213C-F7B6-4D9190C388AF}.Template|Win32.Build.0 = Release|Win32
		{FDD6A033-2C6B-213C-F7B6-4D9190C388AF}.Unicode Debug|Win32.ActiveCfg = Debug|Win32
		{FDD6A033-2C6B-213C-F7B6-4D9190C388AF}.Unicode Debug|Win32.Build.0 = Debug|Win32
		{FDD6A033-2C6B-213C-F7B6-4D9190C388AF}.Unicode Release|Win32.ActiveCfg = Release|Win32
		{FDD6A033-2C6B-213C-F7B6-4D9190C388AF}.Unicode Release|Win32.Build.0 = Release|Win32
	EndGlobalSection
	GlobalSection(SolutionProperties) = preSolution
		HideSolutionNode = FALSE
	EndGlobalSection
EndGlobal
