
Microsoft Visual Studio Solution File, Format Version 11.00
# Visual Studio 2010
Project("{8BC9CEB8-8B4A-11D0-8D11-00A0C91BC942}") = "WSView", "..\wsview\WSView.vcxproj", "{3774B99F-9B73-1BC6-A2CC-F3EC9FB70E61}"
EndProject
Project("{8BC9CEB8-8B4A-11D0-8D11-00A0C91BC942}") = "Winscore", "Winscore.vcxproj", "{380A570F-E5A0-FCDE-F05D-EBFE937AC73F}"
EndProject
Project("{8BC9CEB8-8B4A-11D0-8D11-00A0C91BC942}") = "Zip", "..\zip\Zip.vcxproj", "{3892BDFA-CE9C-ECC4-59BB-2CB04BD53648}"
EndProject
Project("{54435603-DBB4-11D2-8724-00A0C9A8B90C}") = "Winscore_Installer", "..\Winscore_Installer\Winscore_Installer.vdproj", "{364D8E47-7523-4D84-A9F1-0529DD6D5B8A}"
	ProjectSection(ProjectDependencies) = postProject
		{380A570F-E5A0-FCDE-F05D-EBFE937AC73F} = {380A570F-E5A0-FCDE-F05D-EBFE937AC73F}
		{3774B99F-9B73-1BC6-A2CC-F3EC9FB70E61} = {3774B99F-9B73-1BC6-A2CC-F3EC9FB70E61}
	EndProjectSection
EndProject
Global
	GlobalSection(SolutionConfigurationPlatforms) = preSolution
		Debug|Win32 = Debug|Win32
		Release Min Dep|Win32 = Release Min Dep|Win32
		Release|Win32 = Release|Win32
		Static Release|Win32 = Static Release|Win32
		Template|Win32 = Template|Win32
		Unicode Debug|Win32 = Unicode Debug|Win32
		Unicode Release|Win32 = Unicode Release|Win32
	EndGlobalSection
	GlobalSection(ProjectConfigurationPlatforms) = postSolution
		{3774B99F-9B73-1BC6-A2CC-F3EC9FB70E61}.Debug|Win32.ActiveCfg = Debug|Win32
		{3774B99F-9B73-1BC6-A2CC-F3EC9FB70E61}.Debug|Win32.Build.0 = Debug|Win32
		{3774B99F-9B73-1BC6-A2CC-F3EC9FB70E61}.Release Min Dep|Win32.ActiveCfg = Release Min Dep|Win32
		{3774B99F-9B73-1BC6-A2CC-F3EC9FB70E61}.Release Min Dep|Win32.Build.0 = Release Min Dep|Win32
		{3774B99F-9B73-1BC6-A2CC-F3EC9FB70E61}.Release|Win32.ActiveCfg = Release|Win32
		{3774B99F-9B73-1BC6-A2CC-F3EC9FB70E61}.Release|Win32.Build.0 = Release|Win32
		{3774B99F-9B73-1BC6-A2CC-F3EC9FB70E61}.Static Release|Win32.ActiveCfg = Release|Win32
		{3774B99F-9B73-1BC6-A2CC-F3EC9FB70E61}.Static Release|Win32.Build.0 = Release|Win32
		{3774B99F-9B73-1BC6-A2CC-F3EC9FB70E61}.Template|Win32.ActiveCfg = Unicode Release|Win32
		{3774B99F-9B73-1BC6-A2CC-F3EC9FB70E61}.Template|Win32.Build.0 = Unicode Release|Win32
		{3774B99F-9B73-1BC6-A2CC-F3EC9FB70E61}.Unicode Debug|Win32.ActiveCfg = Unicode Debug|Win32
		{3774B99F-9B73-1BC6-A2CC-F3EC9FB70E61}.Unicode Debug|Win32.Build.0 = Unicode Debug|Win32
		{3774B99F-9B73-1BC6-A2CC-F3EC9FB70E61}.Unicode Release|Win32.ActiveCfg = Unicode Release|Win32
		{3774B99F-9B73-1BC6-A2CC-F3EC9FB70E61}.Unicode Release|Win32.Build.0 = Unicode Release|Win32
		{380A570F-E5A0-FCDE-F05D-EBFE937AC73F}.Debug|Win32.ActiveCfg = Debug|Win32
		{380A570F-E5A0-FCDE-F05D-EBFE937AC73F}.Debug|Win32.Build.0 = Debug|Win32
		{380A570F-E5A0-FCDE-F05D-EBFE937AC73F}.Release Min Dep|Win32.ActiveCfg = Release|Win32
		{380A570F-E5A0-FCDE-F05D-EBFE937AC73F}.Release Min Dep|Win32.Build.0 = Release|Win32
		{380A570F-E5A0-FCDE-F05D-EBFE937AC73F}.Release|Win32.ActiveCfg = Release|Win32
		{380A570F-E5A0-FCDE-F05D-EBFE937AC73F}.Release|Win32.Build.0 = Release|Win32
		{380A570F-E5A0-FCDE-F05D-EBFE937AC73F}.Static Release|Win32.ActiveCfg = Release|Win32
		{380A570F-E5A0-FCDE-F05D-EBFE937AC73F}.Static Release|Win32.Build.0 = Release|Win32
		{380A570F-E5A0-FCDE-F05D-EBFE937AC73F}.Template|Win32.ActiveCfg = Template|Win32
		{380A570F-E5A0-FCDE-F05D-EBFE937AC73F}.Template|Win32.Build.0 = Template|Win32
		{380A570F-E5A0-FCDE-F05D-EBFE937AC73F}.Unicode Debug|Win32.ActiveCfg = Debug|Win32
		{380A570F-E5A0-FCDE-F05D-EBFE937AC73F}.Unicode Debug|Win32.Build.0 = Debug|Win32
		{380A570F-E5A0-FCDE-F05D-EBFE937AC73F}.Unicode Release|Win32.ActiveCfg = Release|Win32
		{380A570F-E5A0-FCDE-F05D-EBFE937AC73F}.Unicode Release|Win32.Build.0 = Release|Win32
		{3892BDFA-CE9C-ECC4-59BB-2CB04BD53648}.Debug|Win32.ActiveCfg = Debug|Win32
		{3892BDFA-CE9C-ECC4-59BB-2CB04BD53648}.Debug|Win32.Build.0 = Debug|Win32
		{3892BDFA-CE9C-ECC4-59BB-2CB04BD53648}.Release Min Dep|Win32.ActiveCfg = Release|Win32
		{3892BDFA-CE9C-ECC4-59BB-2CB04BD53648}.Release Min Dep|Win32.Build.0 = Release|Win32
		{3892BDFA-CE9C-ECC4-59BB-2CB04BD53648}.Release|Win32.ActiveCfg = Release|Win32
		{3892BDFA-CE9C-ECC4-59BB-2CB04BD53648}.Release|Win32.Build.0 = Release|Win32
		{3892BDFA-CE9C-ECC4-59BB-2CB04BD53648}.Static Release|Win32.ActiveCfg = Static Release|Win32
		{3892BDFA-CE9C-ECC4-59BB-2CB04BD53648}.Static Release|Win32.Build.0 = Static Release|Win32
		{3892BDFA-CE9C-ECC4-59BB-2CB04BD53648}.Template|Win32.ActiveCfg = Template|Win32
		{3892BDFA-CE9C-ECC4-59BB-2CB04BD53648}.Template|Win32.Build.0 = Template|Win32
		{3892BDFA-CE9C-ECC4-59BB-2CB04BD53648}.Unicode Debug|Win32.ActiveCfg = Debug|Win32
		{3892BDFA-CE9C-ECC4-59BB-2CB04BD53648}.Unicode Debug|Win32.Build.0 = Debug|Win32
		{3892BDFA-CE9C-ECC4-59BB-2CB04BD53648}.Unicode Release|Win32.ActiveCfg = Release|Win32
		{3892BDFA-CE9C-ECC4-59BB-2CB04BD53648}.Unicode Release|Win32.Build.0 = Release|Win32
		{364D8E47-7523-4D84-A9F1-0529DD6D5B8A}.Debug|Win32.ActiveCfg = Debug
		{364D8E47-7523-4D84-A9F1-0529DD6D5B8A}.Debug|Win32.Build.0 = Debug
		{364D8E47-7523-4D84-A9F1-0529DD6D5B8A}.Release Min Dep|Win32.ActiveCfg = Release
		{364D8E47-7523-4D84-A9F1-0529DD6D5B8A}.Release Min Dep|Win32.Build.0 = Release
		{364D8E47-7523-4D84-A9F1-0529DD6D5B8A}.Release|Win32.ActiveCfg = Release
		{364D8E47-7523-4D84-A9F1-0529DD6D5B8A}.Release|Win32.Build.0 = Release
		{364D8E47-7523-4D84-A9F1-0529DD6D5B8A}.Static Release|Win32.ActiveCfg = Release
		{364D8E47-7523-4D84-A9F1-0529DD6D5B8A}.Static Release|Win32.Build.0 = Release
		{364D8E47-7523-4D84-A9F1-0529DD6D5B8A}.Template|Win32.ActiveCfg = Release
		{364D8E47-7523-4D84-A9F1-0529DD6D5B8A}.Template|Win32.Build.0 = Release
		{364D8E47-7523-4D84-A9F1-0529DD6D5B8A}.Unicode Debug|Win32.ActiveCfg = Debug
		{364D8E47-7523-4D84-A9F1-0529DD6D5B8A}.Unicode Debug|Win32.Build.0 = Debug
		{364D8E47-7523-4D84-A9F1-0529DD6D5B8A}.Unicode Release|Win32.ActiveCfg = Release
		{364D8E47-7523-4D84-A9F1-0529DD6D5B8A}.Unicode Release|Win32.Build.0 = Release
	EndGlobalSection
	GlobalSection(SolutionProperties) = preSolution
		HideSolutionNode = FALSE
	EndGlobalSection
EndGlobal
