<?xml version="1.0" encoding="utf-8"?>
<Project ToolsVersion="4.0" xmlns="http://schemas.microsoft.com/developer/msbuild/2003">
  <ItemGroup>
    <Filter Include="Source Files">
      <UniqueIdentifier>{6facaa5b-c2c2-4e76-9083-1945eeffe9ac}</UniqueIdentifier>
      <Extensions>cpp;c;cxx;rc;def;r;odl;idl;hpj;bat</Extensions>
    </Filter>
    <Filter Include="Header Files">
      <UniqueIdentifier>{157ca3fd-3123-4523-b19f-247208e587f6}</UniqueIdentifier>
      <Extensions>h;hpp;hxx;hm;inl</Extensions>
    </Filter>
    <Filter Include="Resource Files">
      <UniqueIdentifier>{42095803-2dcb-4472-a262-80767f413c7d}</UniqueIdentifier>
      <Extensions>ico;cur;bmp;dlg;rc2;rct;bin;rgs;gif;jpg;jpeg;jpe</Extensions>
    </Filter>
  </ItemGroup>
  <ItemGroup>
    <ClCompile Include="2DTransform.cpp">
      <Filter>Source Files</Filter>
    </ClCompile>
    <ClCompile Include="3DTransformation.cpp">
      <Filter>Source Files</Filter>
    </ClCompile>
    <ClCompile Include="BaroMeasureDlg.cpp">
      <Filter>Source Files</Filter>
    </ClCompile>
    <ClCompile Include="BaroPoint.cpp">
      <Filter>Source Files</Filter>
    </ClCompile>
    <ClCompile Include="BaroTrace.cpp">
      <Filter>Source Files</Filter>
    </ClCompile>
    <ClCompile Include="BaroTraceGroup.cpp">
      <Filter>Source Files</Filter>
    </ClCompile>
    <ClCompile Include="BaroZoom.cpp">
      <Filter>Source Files</Filter>
    </ClCompile>
    <ClCompile Include="ControlPoint.cpp">
      <Filter>Source Files</Filter>
    </ClCompile>
    <ClCompile Include="Cursor.cpp">
      <Filter>Source Files</Filter>
    </ClCompile>
    <ClCompile Include="Fix.cpp">
      <Filter>Source Files</Filter>
    </ClCompile>
    <ClCompile Include="FontCombo.cpp">
      <Filter>Source Files</Filter>
    </ClCompile>
    <ClCompile Include="HitList.cpp">
      <Filter>Source Files</Filter>
    </ClCompile>
    <ClCompile Include="Location.cpp">
      <Filter>Source Files</Filter>
    </ClCompile>
    <ClCompile Include="MeasuringDlg.cpp">
      <Filter>Source Files</Filter>
    </ClCompile>
    <ClCompile Include="ModulVer.cpp">
      <Filter>Source Files</Filter>
    </ClCompile>
    <ClCompile Include="StdAfx.cpp">
      <Filter>Source Files</Filter>
    </ClCompile>
    <ClCompile Include="SUA.cpp">
      <Filter>Source Files</Filter>
    </ClCompile>
    <ClCompile Include="TipWnd.cpp">
      <Filter>Source Files</Filter>
    </ClCompile>
    <ClCompile Include="Trace.cpp">
      <Filter>Source Files</Filter>
    </ClCompile>
    <ClCompile Include="TraceGroup.cpp">
      <Filter>Source Files</Filter>
    </ClCompile>
    <ClCompile Include="TracesPropPage.cpp">
      <Filter>Source Files</Filter>
    </ClCompile>
    <ClCompile Include="WSBaroCtl.cpp">
      <Filter>Source Files</Filter>
    </ClCompile>
    <ClCompile Include="WSBaroPpg.cpp">
      <Filter>Source Files</Filter>
    </ClCompile>
    <ClCompile Include="WSView.cpp">
      <Filter>Source Files</Filter>
    </ClCompile>
    <ClCompile Include="WSViewAboutDlg.cpp">
      <Filter>Source Files</Filter>
    </ClCompile>
    <ClCompile Include="WSViewCtl.cpp">
      <Filter>Source Files</Filter>
    </ClCompile>
    <ClCompile Include="wsviewinterface.cpp">
      <Filter>Source Files</Filter>
    </ClCompile>
    <ClCompile Include="WSViewPpg.cpp">
      <Filter>Source Files</Filter>
    </ClCompile>
    <ClCompile Include="xyzoom.cpp">
      <Filter>Source Files</Filter>
    </ClCompile>
  </ItemGroup>
  <ItemGroup>
    <None Include="WSView.def">
      <Filter>Source Files</Filter>
    </None>
    <None Include="arrow.cur">
      <Filter>Resource Files</Filter>
    </None>
    <None Include="cur00001.cur">
      <Filter>Resource Files</Filter>
    </None>
    <None Include="cursor1.cur">
      <Filter>Resource Files</Filter>
    </None>
    <None Include="printer.bmp">
      <Filter>Resource Files</Filter>
    </None>
    <None Include="WSBaro.ico">
      <Filter>Resource Files</Filter>
    </None>
    <None Include="WSBaroCtl.bmp">
      <Filter>Resource Files</Filter>
    </None>
    <None Include="wsview32.bmp">
      <Filter>Resource Files</Filter>
    </None>
    <None Include="WSViewCtl.bmp">
      <Filter>Resource Files</Filter>
    </None>
    <None Include="ReadMe.txt" />
  </ItemGroup>
  <ItemGroup>
    <Midl Include="WSView.odl">
      <Filter>Source Files</Filter>
    </Midl>
  </ItemGroup>
  <ItemGroup>
    <ResourceCompile Include="WSView.rc">
      <Filter>Source Files</Filter>
    </ResourceCompile>
  </ItemGroup>
  <ItemGroup>
    <ClInclude Include="2DTransform.h">
      <Filter>Header Files</Filter>
    </ClInclude>
    <ClInclude Include="3DTransformation.h">
      <Filter>Header Files</Filter>
    </ClInclude>
    <ClInclude Include="BaroMeasureDlg.h">
      <Filter>Header Files</Filter>
    </ClInclude>
    <ClInclude Include="BaroPoint.h">
      <Filter>Header Files</Filter>
    </ClInclude>
    <ClInclude Include="BaroTrace.h">
      <Filter>Header Files</Filter>
    </ClInclude>
    <ClInclude Include="BaroTraceGroup.h">
      <Filter>Header Files</Filter>
    </ClInclude>
    <ClInclude Include="BaroZoom.h">
      <Filter>Header Files</Filter>
    </ClInclude>
    <ClInclude Include="ControlPoint.h">
      <Filter>Header Files</Filter>
    </ClInclude>
    <ClInclude Include="Cursor.h">
      <Filter>Header Files</Filter>
    </ClInclude>
    <ClInclude Include="Fix.h">
      <Filter>Header Files</Filter>
    </ClInclude>
    <ClInclude Include="FontCombo.h">
      <Filter>Header Files</Filter>
    </ClInclude>
    <ClInclude Include="gllistinfo.h">
      <Filter>Header Files</Filter>
    </ClInclude>
    <ClInclude Include="HitList.h">
      <Filter>Header Files</Filter>
    </ClInclude>
    <ClInclude Include="Location.h">
      <Filter>Header Files</Filter>
    </ClInclude>
    <ClInclude Include="MeasuringDlg.h">
      <Filter>Header Files</Filter>
    </ClInclude>
    <ClInclude Include="ModulVer.h">
      <Filter>Header Files</Filter>
    </ClInclude>
    <ClInclude Include="Position.h">
      <Filter>Header Files</Filter>
    </ClInclude>
    <ClInclude Include="Resource.h">
      <Filter>Header Files</Filter>
    </ClInclude>
    <ClInclude Include="StdAfx.h">
      <Filter>Header Files</Filter>
    </ClInclude>
    <ClInclude Include="SUA.h">
      <Filter>Header Files</Filter>
    </ClInclude>
    <ClInclude Include="TipWnd.h">
      <Filter>Header Files</Filter>
    </ClInclude>
    <ClInclude Include="Trace.h">
      <Filter>Header Files</Filter>
    </ClInclude>
    <ClInclude Include="TraceGroup.h">
      <Filter>Header Files</Filter>
    </ClInclude>
    <ClInclude Include="TracesPropPage.h">
      <Filter>Header Files</Filter>
    </ClInclude>
    <ClInclude Include="Winscore.h">
      <Filter>Header Files</Filter>
    </ClInclude>
    <ClInclude Include="WinscoreDefs.h">
      <Filter>Header Files</Filter>
    </ClInclude>
    <ClInclude Include="WSBaroCtl.h">
      <Filter>Header Files</Filter>
    </ClInclude>
    <ClInclude Include="WSBaroPpg.h">
      <Filter>Header Files</Filter>
    </ClInclude>
    <ClInclude Include="WSView.h">
      <Filter>Header Files</Filter>
    </ClInclude>
    <ClInclude Include="WSViewAboutDlg.h">
      <Filter>Header Files</Filter>
    </ClInclude>
    <ClInclude Include="WSViewCtl.h">
      <Filter>Header Files</Filter>
    </ClInclude>
    <ClInclude Include="wsviewinterface.h">
      <Filter>Header Files</Filter>
    </ClInclude>
    <ClInclude Include="WSViewPpg.h">
      <Filter>Header Files</Filter>
    </ClInclude>
    <ClInclude Include="xyzoom.h">
      <Filter>Header Files</Filter>
    </ClInclude>
  </ItemGroup>
</Project>